
Microsoft Visual Studio Solution File, Format Version 12.00
# Visual Studio Version 17
VisualStudioVersion = 17.1.32421.90
MinimumVisualStudioVersion = 10.0.40219.1
Project("{FAE04EC0-301F-11D3-BF4B-00C04F79EFBC}") = "DXFTemplate", "DXFTemplate.csproj", "{A574B075-462E-4C5A-8B5A-4B2DDA934BF9}"
EndProject
Global
	GlobalSection(SolutionConfigurationPlatforms) = preSolution
		Debug|Any CPU = Debug|Any CPU
		Release|Any CPU = Release|Any CPU
	EndGlobalSection
	GlobalSection(ProjectConfigurationPlatforms) = postSolution
		{A574B075-462E-4C5A-8B5A-4B2DDA934BF9}.Debug|Any CPU.ActiveCfg = Debug|Any CPU
		{A574B075-462E-4C5A-8B5A-4B2DDA934BF9}.Debug|Any CPU.Build.0 = Debug|Any CPU
		{A574B075-462E-4C5A-8B5A-4B2DDA934BF9}.Release|Any CPU.ActiveCfg = Release|Any CPU
		{A574B075-462E-4C5A-8B5A-4B2DDA934BF9}.Release|Any CPU.Build.0 = Release|Any CPU
	EndGlobalSection
	GlobalSection(SolutionProperties) = preSolution
		HideSolutionNode = FALSE
	EndGlobalSection
	GlobalSection(ExtensibilityGlobals) = postSolution
		SolutionGuid = {D62DBB6B-BECF-4744-BF90-B99F04BF2420}
	EndGlobalSection
EndGlobal
